{
  "version": "5",
  "specifiers": {
    "jsr:@std/async@*": "1.3.0",
    "jsr:@std/async@^1.3.0": "1.3.0",
    "jsr:@std/data-structures@^1.0.11": "1.0.11",
    "npm:@octokit/openapi-webhooks-types@^12.1.0": "12.1.0",
    "npm:@solvro/utils@^1.3.0": "1.3.0",
    "npm:@types/node@^24.6.2": "24.6.2"
  },
  "jsr": {
    "@std/async@1.3.0": {
      "integrity": "80485538a4f7baaa46bfe2246168069e02ed142b9f9079cd164f43bb060ad9e9",
      "dependencies": [
        "jsr:@std/data-structures"
      ]
    },
    "@std/data-structures@1.0.11": {
      "integrity": "53b98ed7efa61f107dfc14244bd2ec5557f7f7ee0bbaef6d449d7937facacb89"
    }
  },
  "npm": {
    "@octokit/openapi-webhooks-types@12.1.0": {
      "integrity": "sha512-WiuzhOsiOvb7W3Pvmhf8d2C6qaLHXrWiLBP4nJ/4kydu+wpagV5Fkz9RfQwV2afYzv3PB+3xYgp4mAdNGjDprA=="
    },
    "@solvro/utils@1.3.0": {
      "integrity": "sha512-wQ/7C3t95gwEdWEAqcdxpae+IYDX66o0vKGEkXbk/P4LzL+kQbaMUEZDKXFpJuWU9AMuHsxxg8Vcdqm4/Ux/ww=="
    },
    "@types/node@24.6.2": {
      "integrity": "sha512-d2L25Y4j+W3ZlNAeMKcy7yDsK425ibcAOO2t7aPTz6gNMH0z2GThtwENCDc0d/Pw9wgyRqE5Px1wkV7naz8ang==",
      "dependencies": [
        "undici-types"
      ]
    },
    "undici-types@7.13.0": {
      "integrity": "sha512-Ov2Rr9Sx+fRgagJ5AX0qvItZG/JKKoBRAVITs1zk7IqZGTJUwgUr7qoYBpWwakpWilTZFM98rG/AFRocu10iIQ=="
    }
  },
  "workspace": {
    "dependencies": [
      "jsr:@std/async@^1.3.0",
      "npm:@octokit/openapi-webhooks-types@^12.1.0",
      "npm:@solvro/utils@^1.3.0",
      "npm:@types/node@^24.6.2"
    ]
  }
}
